
Microsoft Visual Studio Solution File, Format Version 12.00
# Visual Studio Version 16
VisualStudioVersion = 16.0.30225.117
MinimumVisualStudioVersion = 10.0.40219.1
Project("{FAE04EC0-301F-11D3-BF4B-00C04F79EFBC}") = "FindDigits", "FindDigits\FindDigits.csproj", "{728CA0CB-5E63-4B24-A502-87A344621798}"
EndProject
Global
	GlobalSection(SolutionConfigurationPlatforms) = preSolution
		Debug|Any CPU = Debug|Any CPU
		Release|Any CPU = Release|Any CPU
	EndGlobalSection
	GlobalSection(ProjectConfigurationPlatforms) = postSolution
		{728CA0CB-5E63-4B24-A502-87A344621798}.Debug|Any CPU.ActiveCfg = Debug|Any CPU
		{728CA0CB-5E63-4B24-A502-87A344621798}.Debug|Any CPU.Build.0 = Debug|Any CPU
		{728CA0CB-5E63-4B24-A502-87A344621798}.Release|Any CPU.ActiveCfg = Release|Any CPU
		{728CA0CB-5E63-4B24-A502-87A344621798}.Release|Any CPU.Build.0 = Release|Any CPU
	EndGlobalSection
	GlobalSection(SolutionProperties) = preSolution
		HideSolutionNode = FALSE
	EndGlobalSection
	GlobalSection(ExtensibilityGlobals) = postSolution
		SolutionGuid = {724599BB-F9A9-426A-952D-DE40FCCD85A7}
	EndGlobalSection
EndGlobal
